#MicroXplorer Configuration settings - do not modify
ADC.Channel-0\#ChannelRegularConversion=ADC_CHANNEL_9
ADC.ChannelsBank=ADC_CHANNELS_BANK_A
ADC.ClockPrescaler=ADC_CLOCK_ASYNC_DIV1
ADC.ContinuousConvMode=DISABLE
ADC.DMAContinuousRequests=DISABLE
ADC.DataAlign=ADC_DATAALIGN_RIGHT
ADC.DiscontinuousConvMode=DISABLE
ADC.EOCSelection=ADC_EOC_SEQ_CONV
ADC.EnableAnalogWatchDog=false
ADC.ExternalTrigConv=ADC_SOFTWARE_START
ADC.ExternalTrigConvEdge=ADC_EXTERNALTRIGCONVEDGE_NONE
ADC.IPParameters=Rank-0\#ChannelRegularConversion,Channel-0\#ChannelRegularConversion,SamplingTime-0\#ChannelRegularConversion,NbrOfConversionFlag,ClockPrescaler,ChannelsBank,Resolution,DataAlign,ScanConvMode,ContinuousConvMode,DiscontinuousConvMode,DMAContinuousRequests,EOCSelection,LowPowerAutoWait,LowPowerAutoPowerOff,NbrOfConversion,ExternalTrigConv,ExternalTrigConvEdge,InjNumberOfConversion,EnableAnalogWatchDog
ADC.InjNumberOfConversion=0
ADC.LowPowerAutoPowerOff=ADC_AUTOPOWEROFF_DISABLE
ADC.LowPowerAutoWait=ADC_AUTOWAIT_DISABLE
ADC.NbrOfConversion=1
ADC.NbrOfConversionFlag=1
ADC.Rank-0\#ChannelRegularConversion=1
ADC.Resolution=ADC_RESOLUTION_12B
ADC.SamplingTime-0\#ChannelRegularConversion=ADC_SAMPLETIME_4CYCLES
ADC.ScanConvMode=ADC_SCAN_DISABLE
AES.IPParameters=pKey
AES.pKey=01 58 36 28 7F E6 CD 12 9A 65 68 6A 68 C8 98 9B
File.Version=6
KeepUserPlacement=false
Mcu.Family=STM32L1
Mcu.IP0=ADC
Mcu.IP1=AES
Mcu.IP10=USART1
Mcu.IP11=USB
Mcu.IP12=USB_DEVICE
Mcu.IP2=CRC
Mcu.IP3=FATFS
Mcu.IP4=I2C1
Mcu.IP5=NVIC
Mcu.IP6=RCC
Mcu.IP7=RTC
Mcu.IP8=SDIO
Mcu.IP9=SYS
Mcu.IPNb=13
Mcu.Name=STM32L162RDTx
Mcu.Package=LQFP64
Mcu.Pin0=PC13-WKUP2
Mcu.Pin1=PC14-OSC32_IN
Mcu.Pin10=PA9
Mcu.Pin11=PA10
Mcu.Pin12=PA11
Mcu.Pin13=PA12
Mcu.Pin14=PA13
Mcu.Pin15=PA14
Mcu.Pin16=PC10
Mcu.Pin17=PC11
Mcu.Pin18=PC12
Mcu.Pin19=PD2
Mcu.Pin2=PC15-OSC32_OUT
Mcu.Pin20=PB4
Mcu.Pin21=PB6
Mcu.Pin22=PB7
Mcu.Pin23=VP_AES_VS_AES
Mcu.Pin24=VP_CRC_VS_CRC
Mcu.Pin25=VP_FATFS_VS_SDIO
Mcu.Pin26=VP_RTC_VS_RTC_Activate
Mcu.Pin27=VP_RTC_VS_RTC_Calendar
Mcu.Pin28=VP_RTC_VS_RTC_Alarm_A_Intern
Mcu.Pin29=VP_SYS_VS_Systick
Mcu.Pin3=PH0-OSC_IN
Mcu.Pin30=VP_USB_DEVICE_VS_USB_DEVICE_CDC_FS
Mcu.Pin4=PH1-OSC_OUT
Mcu.Pin5=PC5
Mcu.Pin6=PB0
Mcu.Pin7=PB1
Mcu.Pin8=PC8
Mcu.Pin9=PC9
Mcu.PinsNb=31
Mcu.UserConstants=
Mcu.UserName=STM32L162RDTx
MxCube.Version=4.23.0
MxDb.Version=DB.4.0.230
NVIC.ADC1_IRQn=true\:0\:0\:false\:true\:true\:9\:true
NVIC.AES_IRQn=true\:0\:0\:false\:true\:true\:11\:true
NVIC.BusFault_IRQn=true\:0\:0\:false\:false\:true\:false
NVIC.DebugMonitor_IRQn=true\:0\:0\:false\:false\:true\:false
NVIC.EXTI15_10_IRQn=true\:0\:0\:false\:true\:true\:6\:true
NVIC.FLASH_IRQn=true\:0\:0\:false\:true\:true\:2\:true
NVIC.HardFault_IRQn=true\:0\:0\:false\:false\:true\:false
NVIC.I2C1_ER_IRQn=true\:0\:0\:false\:true\:true\:8\:true
NVIC.I2C1_EV_IRQn=true\:0\:0\:false\:true\:true\:4\:true
NVIC.MemoryManagement_IRQn=true\:0\:0\:false\:false\:true\:false
NVIC.NonMaskableInt_IRQn=true\:0\:0\:false\:false\:true\:false
NVIC.PendSV_IRQn=true\:0\:0\:false\:false\:true\:false
NVIC.PriorityGroup=NVIC_PRIORITYGROUP_4
NVIC.RCC_IRQn=true\:0\:0\:false\:true\:true\:1\:true
NVIC.RTC_Alarm_IRQn=true\:0\:0\:false\:true\:true\:3\:true
NVIC.SDIO_IRQn=true\:0\:0\:false\:true\:true\:5\:true
NVIC.SVC_IRQn=true\:0\:0\:false\:false\:true\:false
NVIC.SysTick_IRQn=true\:0\:0\:false\:false\:true\:false
NVIC.USART1_IRQn=true\:0\:0\:false\:true\:true\:7\:true
NVIC.USB_HP_IRQn=true\:0\:0\:false\:true\:true\:12\:true
NVIC.USB_LP_IRQn=true\:0\:0\:false\:true\:true\:10\:false
NVIC.UsageFault_IRQn=true\:0\:0\:false\:false\:true\:false
PA10.Mode=Asynchronous
PA10.Signal=USART1_RX
PA11.Mode=Device
PA11.Signal=USB_DM
PA12.Mode=Device
PA12.Signal=USB_DP
PA13.Mode=Serial_Wire
PA13.Signal=SYS_JTMS-SWDIO
PA14.Mode=Serial_Wire
PA14.Signal=SYS_JTCK-SWCLK
PA9.Mode=Asynchronous
PA9.Signal=USART1_TX
PB0.GPIOParameters=GPIO_Label
PB0.GPIO_Label=GPIO_IN_BAT_CHRG
PB0.Locked=true
PB0.Signal=GPIO_Input
PB1.GPIOParameters=GPIO_Label
PB1.GPIO_Label=ADC_9_BAT_LVL
PB1.Locked=true
PB1.Mode=IN9
PB1.Signal=ADC_IN9
PB4.GPIOParameters=GPIO_Label
PB4.GPIO_Label=GPIO_OUT_LED
PB4.Locked=true
PB4.Signal=GPIO_Output
PB6.Mode=I2C
PB6.Signal=I2C1_SCL
PB7.Mode=I2C
PB7.Signal=I2C1_SDA
PC10.Mode=SD_4_bits_Wide_bus
PC10.Signal=SDIO_D2
PC11.Mode=SD_4_bits_Wide_bus
PC11.Signal=SDIO_D3
PC12.Mode=SD_4_bits_Wide_bus
PC12.Signal=SDIO_CK
PC13-WKUP2.GPIOParameters=GPIO_Label,GPIO_ModeDefaultEXTI
PC13-WKUP2.GPIO_Label=EXTI_13_SD
PC13-WKUP2.GPIO_ModeDefaultEXTI=GPIO_MODE_IT_RISING_FALLING
PC13-WKUP2.Locked=true
PC13-WKUP2.Signal=GPXTI13
PC14-OSC32_IN.Mode=LSE-External-Oscillator
PC14-OSC32_IN.Signal=RCC_OSC32_IN
PC15-OSC32_OUT.Mode=LSE-External-Oscillator
PC15-OSC32_OUT.Signal=RCC_OSC32_OUT
PC5.GPIOParameters=GPIO_Label
PC5.GPIO_Label=GPIO_OUT_PWR_SD
PC5.Locked=true
PC5.Signal=GPIO_Output
PC8.Mode=SD_4_bits_Wide_bus
PC8.Signal=SDIO_D0
PC9.Mode=SD_4_bits_Wide_bus
PC9.Signal=SDIO_D1
PCC.Checker=true
PCC.Line=STM32L162
PCC.MCU=STM32L162RDTx
PCC.PartNumber=STM32L162RDTx
PCC.Seq0=0
PCC.Series=STM32L1
PCC.Temperature=25
PCC.Vdd=3.0
PD2.Mode=SD_4_bits_Wide_bus
PD2.Signal=SDIO_CMD
PH0-OSC_IN.Mode=HSE-External-Oscillator
PH0-OSC_IN.Signal=RCC_OSC_IN
PH1-OSC_OUT.Mode=HSE-External-Oscillator
PH1-OSC_OUT.Signal=RCC_OSC_OUT
PinOutPanel.RotationAngle=0
ProjectManager.AskForMigrate=true
ProjectManager.BackupPrevious=false
ProjectManager.CompilerOptimize=2
ProjectManager.ComputerToolchain=false
ProjectManager.CoupleFile=false
ProjectManager.CustomerFirmwarePackage=C\:/Users/Kajetan/STM32Cube/Repository/STM32Cube_FW_L1_V1.8.0
ProjectManager.DefaultFWLocation=true
ProjectManager.DeletePrevious=true
ProjectManager.DeviceId=STM32L162RDTx
ProjectManager.FirmwarePackage=STM32Cube FW_L1 V1.8.0
ProjectManager.FreePins=false
ProjectManager.HalAssertFull=false
ProjectManager.HeapSize=0x2000
ProjectManager.KeepUserCode=true
ProjectManager.LastFirmware=true
ProjectManager.LibraryCopy=1
ProjectManager.PreviousToolchain=TrueSTUDIO
ProjectManager.ProjectBuild=false
ProjectManager.ProjectFileName=HealthSensors.ioc
ProjectManager.ProjectName=HealthSensors
ProjectManager.StackSize=0x4000
ProjectManager.TargetToolchain=TrueSTUDIO
ProjectManager.ToolChainLocation=
ProjectManager.UnderRoot=true
ProjectManager.functionlistsort=1-MX_GPIO_Init-GPIO-false-HAL,2-SystemClock_Config-RCC-false-HAL,3-MX_FATFS_Init-FATFS-false-HAL,4-MX_ADC_Init-ADC-false-HAL,5-MX_USART1_UART_Init-USART1-false-HAL,6-MX_SDIO_SD_Init-SDIO-false-HAL,7-MX_I2C1_Init-I2C1-false-HAL,8-MX_RTC_Init-RTC-false-HAL,9-MX_USB_DEVICE_Init-USB_DEVICE-false-HAL,10-MX_CRC_Init-CRC-false-HAL,11-MX_AES_Init-AES-false-HAL
RCC.48MHZClocksFreq_Value=48000000
RCC.AHBFreq_Value=32000000
RCC.APB1Freq_Value=32000000
RCC.APB1TimFreq_Value=32000000
RCC.APB2Freq_Value=32000000
RCC.APB2TimFreq_Value=32000000
RCC.FCLKCortexFreq_Value=32000000
RCC.FamilyName=M
RCC.HCLKFreq_Value=32000000
RCC.HSE_VALUE=24000000
RCC.HSI_VALUE=16000000
RCC.IPParameters=48MHZClocksFreq_Value,AHBFreq_Value,APB1Freq_Value,APB1TimFreq_Value,APB2Freq_Value,APB2TimFreq_Value,FCLKCortexFreq_Value,FamilyName,HCLKFreq_Value,HSE_VALUE,HSI_VALUE,LCDFreq_Value,LSI_VALUE,MCOPinFreq_Value,MSI_VALUE,PLLCLKFreq_Value,PLLDIV,PLLMUL,PWRFreq_Value,RTCClockSelectionVirtual,RTCFreq_Value,RTCHSEDivFreq_Value,SYSCLKFreq_VALUE,SYSCLKSource,TIMFreq_Value,TimerFreq_Value,VCOInputFreq_Value,VCOOutputFreq_Value
RCC.LCDFreq_Value=32768
RCC.LSI_VALUE=37000
RCC.MCOPinFreq_Value=32000000
RCC.MSI_VALUE=2097000
RCC.PLLCLKFreq_Value=32000000
RCC.PLLDIV=RCC_PLL_DIV3
RCC.PLLMUL=RCC_PLL_MUL4
RCC.PWRFreq_Value=32000000
RCC.RTCClockSelectionVirtual=RCC_RTCCLKSOURCE_LSE
RCC.RTCFreq_Value=32768
RCC.RTCHSEDivFreq_Value=12000000
RCC.SYSCLKFreq_VALUE=32000000
RCC.SYSCLKSource=RCC_SYSCLKSOURCE_PLLCLK
RCC.TIMFreq_Value=32000000
RCC.TimerFreq_Value=32000000
RCC.VCOInputFreq_Value=24000000
RCC.VCOOutputFreq_Value=96000000
RTC.Alarm-Alarm\ A=RTC_ALARM_A
RTC.Date=30
RTC.Hours=20
RTC.IPParameters=Hours,Minutes,Seconds,WeekDay,Month,Date,Year,Alarm-Alarm A
RTC.Minutes=30
RTC.Month=RTC_MONTH_MARCH
RTC.Seconds=15
RTC.WeekDay=RTC_WEEKDAY_WEDNESDAY
RTC.Year=18
SDIO.ClockDiv=6
SDIO.IPParameters=ClockDiv
SH.GPXTI13.0=GPIO_EXTI13
SH.GPXTI13.ConfNb=1
USART1.IPParameters=VirtualMode
USART1.VirtualMode=VM_ASYNC
USB_DEVICE.CLASS_NAME_FS=CDC
USB_DEVICE.IPParameters=VirtualMode,VirtualModeFS,CLASS_NAME_FS,PRODUCT_STRING_CDC_FS
USB_DEVICE.PRODUCT_STRING_CDC_FS=HealthSensors_ComPort
USB_DEVICE.VirtualMode=Cdc
USB_DEVICE.VirtualModeFS=Cdc_FS
VP_AES_VS_AES.Mode=AES_Activate
VP_AES_VS_AES.Signal=AES_VS_AES
VP_CRC_VS_CRC.Mode=CRC_Activate
VP_CRC_VS_CRC.Signal=CRC_VS_CRC
VP_FATFS_VS_SDIO.Mode=SDIO
VP_FATFS_VS_SDIO.Signal=FATFS_VS_SDIO
VP_RTC_VS_RTC_Activate.Mode=RTC_Enabled
VP_RTC_VS_RTC_Activate.Signal=RTC_VS_RTC_Activate
VP_RTC_VS_RTC_Alarm_A_Intern.Mode=Alarm A
VP_RTC_VS_RTC_Alarm_A_Intern.Signal=RTC_VS_RTC_Alarm_A_Intern
VP_RTC_VS_RTC_Calendar.Mode=RTC_Calendar
VP_RTC_VS_RTC_Calendar.Signal=RTC_VS_RTC_Calendar
VP_SYS_VS_Systick.Mode=SysTick
VP_SYS_VS_Systick.Signal=SYS_VS_Systick
VP_USB_DEVICE_VS_USB_DEVICE_CDC_FS.Mode=CDC_FS
VP_USB_DEVICE_VS_USB_DEVICE_CDC_FS.Signal=USB_DEVICE_VS_USB_DEVICE_CDC_FS
board=HealthSensors
